
Microsoft Visual Studio Solution File, Format Version 12.00
# Visual Studio Version 16
VisualStudioVersion = 16.0.29920.165
MinimumVisualStudioVersion = 15.0.26124.0
Project("{9A19103F-16F7-4668-BE54-9A1E7A4F7556}") = "Actio.Services.Identity", "src\Actio.Services.Identity\Actio.Services.Identity.csproj", "{6ECB4410-EEFA-4D89-85C7-28942F84C4E0}"
EndProject
Project("{9A19103F-16F7-4668-BE54-9A1E7A4F7556}") = "Actio.Services.Activities", "src\Actio.Services.Activities\Actio.Services.Activities.csproj", "{248EFF93-2066-4892-8B8B-A34F7C829A34}"
EndProject
Project("{9A19103F-16F7-4668-BE54-9A1E7A4F7556}") = "Actio.Common", "src\Actio.Common\Actio.Common.csproj", "{C6C29928-1200-47DA-BC29-AFA6C5BB0CF2}"
EndProject
Project("{9A19103F-16F7-4668-BE54-9A1E7A4F7556}") = "Actio.Api", "src\Actio.Api\Actio.Api.csproj", "{54641A91-3259-4C69-B357-BBA2A38752D4}"
EndProject
Project("{FAE04EC0-301F-11D3-BF4B-00C04F79EFBC}") = "Actio.Api.Tests", "tests\Actio.Api.Tests\Actio.Api.Tests.csproj", "{B9C0174F-2626-4A54-ADF7-4C935669561A}"
EndProject
Project("{FAE04EC0-301F-11D3-BF4B-00C04F79EFBC}") = "Actio.Services.Activities.Tests", "tests\Actio.Services.Activities.Tests\Actio.Services.Activities.Tests.csproj", "{4D03F136-8581-46A1-8EF8-90FFD42356E3}"
EndProject
Project("{FAE04EC0-301F-11D3-BF4B-00C04F79EFBC}") = "Actio.Services.Identity.Tests", "tests\Actio.Services.Identity.Tests\Actio.Services.Identity.Tests.csproj", "{8D53919B-A3C3-4C5A-AB18-C158BFD91BAD}"
EndProject
Global
	GlobalSection(SolutionConfigurationPlatforms) = preSolution
		Debug|Any CPU = Debug|Any CPU
		Debug|x64 = Debug|x64
		Debug|x86 = Debug|x86
		Release|Any CPU = Release|Any CPU
		Release|x64 = Release|x64
		Release|x86 = Release|x86
	EndGlobalSection
	GlobalSection(ProjectConfigurationPlatforms) = postSolution
		{6ECB4410-EEFA-4D89-85C7-28942F84C4E0}.Debug|Any CPU.ActiveCfg = Debug|Any CPU
		{6ECB4410-EEFA-4D89-85C7-28942F84C4E0}.Debug|Any CPU.Build.0 = Debug|Any CPU
		{6ECB4410-EEFA-4D89-85C7-28942F84C4E0}.Debug|x64.ActiveCfg = Debug|Any CPU
		{6ECB4410-EEFA-4D89-85C7-28942F84C4E0}.Debug|x64.Build.0 = Debug|Any CPU
		{6ECB4410-EEFA-4D89-85C7-28942F84C4E0}.Debug|x86.ActiveCfg = Debug|Any CPU
		{6ECB4410-EEFA-4D89-85C7-28942F84C4E0}.Debug|x86.Build.0 = Debug|Any CPU
		{6ECB4410-EEFA-4D89-85C7-28942F84C4E0}.Release|Any CPU.ActiveCfg = Release|Any CPU
		{6ECB4410-EEFA-4D89-85C7-28942F84C4E0}.Release|Any CPU.Build.0 = Release|Any CPU
		{6ECB4410-EEFA-4D89-85C7-28942F84C4E0}.Release|x64.ActiveCfg = Release|Any CPU
		{6ECB4410-EEFA-4D89-85C7-28942F84C4E0}.Release|x64.Build.0 = Release|Any CPU
		{6ECB4410-EEFA-4D89-85C7-28942F84C4E0}.Release|x86.ActiveCfg = Release|Any CPU
		{6ECB4410-EEFA-4D89-85C7-28942F84C4E0}.Release|x86.Build.0 = Release|Any CPU
		{248EFF93-2066-4892-8B8B-A34F7C829A34}.Debug|Any CPU.ActiveCfg = Debug|Any CPU
		{248EFF93-2066-4892-8B8B-A34F7C829A34}.Debug|Any CPU.Build.0 = Debug|Any CPU
		{248EFF93-2066-4892-8B8B-A34F7C829A34}.Debug|x64.ActiveCfg = Debug|Any CPU
		{248EFF93-2066-4892-8B8B-A34F7C829A34}.Debug|x64.Build.0 = Debug|Any CPU
		{248EFF93-2066-4892-8B8B-A34F7C829A34}.Debug|x86.ActiveCfg = Debug|Any CPU
		{248EFF93-2066-4892-8B8B-A34F7C829A34}.Debug|x86.Build.0 = Debug|Any CPU
		{248EFF93-2066-4892-8B8B-A34F7C829A34}.Release|Any CPU.ActiveCfg = Release|Any CPU
		{248EFF93-2066-4892-8B8B-A34F7C829A34}.Release|Any CPU.Build.0 = Release|Any CPU
		{248EFF93-2066-4892-8B8B-A34F7C829A34}.Release|x64.ActiveCfg = Release|Any CPU
		{248EFF93-2066-4892-8B8B-A34F7C829A34}.Release|x64.Build.0 = Release|Any CPU
		{248EFF93-2066-4892-8B8B-A34F7C829A34}.Release|x86.ActiveCfg = Release|Any CPU
		{248EFF93-2066-4892-8B8B-A34F7C829A34}.Release|x86.Build.0 = Release|Any CPU
		{C6C29928-1200-47DA-BC29-AFA6C5BB0CF2}.Debug|Any CPU.ActiveCfg = Debug|Any CPU
		{C6C29928-1200-47DA-BC29-AFA6C5BB0CF2}.Debug|Any CPU.Build.0 = Debug|Any CPU
		{C6C29928-1200-47DA-BC29-AFA6C5BB0CF2}.Debug|x64.ActiveCfg = Debug|Any CPU
		{C6C29928-1200-47DA-BC29-AFA6C5BB0CF2}.Debug|x64.Build.0 = Debug|Any CPU
		{C6C29928-1200-47DA-BC29-AFA6C5BB0CF2}.Debug|x86.ActiveCfg = Debug|Any CPU
		{C6C29928-1200-47DA-BC29-AFA6C5BB0CF2}.Debug|x86.Build.0 = Debug|Any CPU
		{C6C29928-1200-47DA-BC29-AFA6C5BB0CF2}.Release|Any CPU.ActiveCfg = Release|Any CPU
		{C6C29928-1200-47DA-BC29-AFA6C5BB0CF2}.Release|Any CPU.Build.0 = Release|Any CPU
		{C6C29928-1200-47DA-BC29-AFA6C5BB0CF2}.Release|x64.ActiveCfg = Release|Any CPU
		{C6C29928-1200-47DA-BC29-AFA6C5BB0CF2}.Release|x64.Build.0 = Release|Any CPU
		{C6C29928-1200-47DA-BC29-AFA6C5BB0CF2}.Release|x86.ActiveCfg = Release|Any CPU
		{C6C29928-1200-47DA-BC29-AFA6C5BB0CF2}.Release|x86.Build.0 = Release|Any CPU
		{54641A91-3259-4C69-B357-BBA2A38752D4}.Debug|Any CPU.ActiveCfg = Debug|Any CPU
		{54641A91-3259-4C69-B357-BBA2A38752D4}.Debug|Any CPU.Build.0 = Debug|Any CPU
		{54641A91-3259-4C69-B357-BBA2A38752D4}.Debug|x64.ActiveCfg = Debug|Any CPU
		{54641A91-3259-4C69-B357-BBA2A38752D4}.Debug|x64.Build.0 = Debug|Any CPU
		{54641A91-3259-4C69-B357-BBA2A38752D4}.Debug|x86.ActiveCfg = Debug|Any CPU
		{54641A91-3259-4C69-B357-BBA2A38752D4}.Debug|x86.Build.0 = Debug|Any CPU
		{54641A91-3259-4C69-B357-BBA2A38752D4}.Release|Any CPU.ActiveCfg = Release|Any CPU
		{54641A91-3259-4C69-B357-BBA2A38752D4}.Release|Any CPU.Build.0 = Release|Any CPU
		{54641A91-3259-4C69-B357-BBA2A38752D4}.Release|x64.ActiveCfg = Release|Any CPU
		{54641A91-3259-4C69-B357-BBA2A38752D4}.Release|x64.Build.0 = Release|Any CPU
		{54641A91-3259-4C69-B357-BBA2A38752D4}.Release|x86.ActiveCfg = Release|Any CPU
		{54641A91-3259-4C69-B357-BBA2A38752D4}.Release|x86.Build.0 = Release|Any CPU
		{B9C0174F-2626-4A54-ADF7-4C935669561A}.Debug|Any CPU.ActiveCfg = Debug|Any CPU
		{B9C0174F-2626-4A54-ADF7-4C935669561A}.Debug|Any CPU.Build.0 = Debug|Any CPU
		{B9C0174F-2626-4A54-ADF7-4C935669561A}.Debug|x64.ActiveCfg = Debug|Any CPU
		{B9C0174F-2626-4A54-ADF7-4C935669561A}.Debug|x64.Build.0 = Debug|Any CPU
		{B9C0174F-2626-4A54-ADF7-4C935669561A}.Debug|x86.ActiveCfg = Debug|Any CPU
		{B9C0174F-2626-4A54-ADF7-4C935669561A}.Debug|x86.Build.0 = Debug|Any CPU
		{B9C0174F-2626-4A54-ADF7-4C935669561A}.Release|Any CPU.ActiveCfg = Release|Any CPU
		{B9C0174F-2626-4A54-ADF7-4C935669561A}.Release|Any CPU.Build.0 = Release|Any CPU
		{B9C0174F-2626-4A54-ADF7-4C935669561A}.Release|x64.ActiveCfg = Release|Any CPU
		{B9C0174F-2626-4A54-ADF7-4C935669561A}.Release|x64.Build.0 = Release|Any CPU
		{B9C0174F-2626-4A54-ADF7-4C935669561A}.Release|x86.ActiveCfg = Release|Any CPU
		{B9C0174F-2626-4A54-ADF7-4C935669561A}.Release|x86.Build.0 = Release|Any CPU
		{4D03F136-8581-46A1-8EF8-90FFD42356E3}.Debug|Any CPU.ActiveCfg = Debug|Any CPU
		{4D03F136-8581-46A1-8EF8-90FFD42356E3}.Debug|Any CPU.Build.0 = Debug|Any CPU
		{4D03F136-8581-46A1-8EF8-90FFD42356E3}.Debug|x64.ActiveCfg = Debug|Any CPU
		{4D03F136-8581-46A1-8EF8-90FFD42356E3}.Debug|x64.Build.0 = Debug|Any CPU
		{4D03F136-8581-46A1-8EF8-90FFD42356E3}.Debug|x86.ActiveCfg = Debug|Any CPU
		{4D03F136-8581-46A1-8EF8-90FFD42356E3}.Debug|x86.Build.0 = Debug|Any CPU
		{4D03F136-8581-46A1-8EF8-90FFD42356E3}.Release|Any CPU.ActiveCfg = Release|Any CPU
		{4D03F136-8581-46A1-8EF8-90FFD42356E3}.Release|Any CPU.Build.0 = Release|Any CPU
		{4D03F136-8581-46A1-8EF8-90FFD42356E3}.Release|x64.ActiveCfg = Release|Any CPU
		{4D03F136-8581-46A1-8EF8-90FFD42356E3}.Release|x64.Build.0 = Release|Any CPU
		{4D03F136-8581-46A1-8EF8-90FFD42356E3}.Release|x86.ActiveCfg = Release|Any CPU
		{4D03F136-8581-46A1-8EF8-90FFD42356E3}.Release|x86.Build.0 = Release|Any CPU
		{8D53919B-A3C3-4C5A-AB18-C158BFD91BAD}.Debug|Any CPU.ActiveCfg = Debug|Any CPU
		{8D53919B-A3C3-4C5A-AB18-C158BFD91BAD}.Debug|Any CPU.Build.0 = Debug|Any CPU
		{8D53919B-A3C3-4C5A-AB18-C158BFD91BAD}.Debug|x64.ActiveCfg = Debug|Any CPU
		{8D53919B-A3C3-4C5A-AB18-C158BFD91BAD}.Debug|x64.Build.0 = Debug|Any CPU
		{8D53919B-A3C3-4C5A-AB18-C158BFD91BAD}.Debug|x86.ActiveCfg = Debug|Any CPU
		{8D53919B-A3C3-4C5A-AB18-C158BFD91BAD}.Debug|x86.Build.0 = Debug|Any CPU
		{8D53919B-A3C3-4C5A-AB18-C158BFD91BAD}.Release|Any CPU.ActiveCfg = Release|Any CPU
		{8D53919B-A3C3-4C5A-AB18-C158BFD91BAD}.Release|Any CPU.Build.0 = Release|Any CPU
		{8D53919B-A3C3-4C5A-AB18-C158BFD91BAD}.Release|x64.ActiveCfg = Release|Any CPU
		{8D53919B-A3C3-4C5A-AB18-C158BFD91BAD}.Release|x64.Build.0 = Release|Any CPU
		{8D53919B-A3C3-4C5A-AB18-C158BFD91BAD}.Release|x86.ActiveCfg = Release|Any CPU
		{8D53919B-A3C3-4C5A-AB18-C158BFD91BAD}.Release|x86.Build.0 = Release|Any CPU
	EndGlobalSection
	GlobalSection(SolutionProperties) = preSolution
		HideSolutionNode = FALSE
	EndGlobalSection
	GlobalSection(ExtensibilityGlobals) = postSolution
		SolutionGuid = {839907D7-1954-4E5B-A441-A34286475494}
	EndGlobalSection
EndGlobal
